{
  "lockfileVersion": 1,
  "configVersion": 1,
  "workspaces": {
    "": {
      "name": "nodekit",
      "devDependencies": {
        "@happy-dom/global-registrator": "^20.3.4",
        "@innoai-tech/devconfig": "workspace:*",
        "@innoai-tech/monobundle": "workspace:*",
        "@prettier/plugin-oxc": "^0.1.3",
        "@typescript/native-preview": "^7.0.0-dev.20260120.1",
        "bun-types": "1.3.3",
        "core-js": "^3.47.0",
        "prettier": "^3.8.0",
        "rxjs": "^7.8.2",
        "turbo": "^2.7.5",
        "vite": "^8.0.0-beta.8",
        "vitest": "^4.0.17",
      },
    },
    "nodedevpkg/devconfig": {
      "name": "@innoai-tech/devconfig",
      "version": "0.5.0",
    },
    "nodedevpkg/monobundle": {
      "name": "@innoai-tech/monobundle",
      "version": "0.17.1",
      "bin": {
        "monobundle": "./dist/monobundle.mjs",
      },
      "dependencies": {
        "@innoai-tech/purebundle": "workspace:^",
        "@innoai-tech/vuecomponentcompleter": "workspace:^",
        "chalk": "^5.6.2",
        "es-toolkit": "^1.44.0",
        "globby": "^16.1.0",
        "js-yaml": "^4.1.1",
        "minimatch": "^10.1.1",
        "rolldown": "^1.0.0-beta.60",
        "yargs": "^18.0.0",
      },
      "devDependencies": {
        "@types/js-yaml": "^4.0.9",
        "@types/yargs": "^17.0.35",
      },
    },
    "nodedevpkg/purebundle": {
      "name": "@innoai-tech/purebundle",
      "version": "0.8.1",
      "dependencies": {
        "@swc/core": "1.15.3",
      },
    },
    "nodedevpkg/vuecomponentcompleter": {
      "name": "@innoai-tech/vuecomponentcompleter",
      "version": "0.5.1",
      "dependencies": {
        "@swc/core": "1.15.3",
      },
    },
    "nodepkg/config": {
      "name": "@innoai-tech/config",
      "version": "0.7.0",
      "dependencies": {
        "es-toolkit": "^1.44.0",
      },
      "peerDependencies": {
        "rolldown": "*",
      },
    },
    "nodepkg/crypto": {
      "name": "@innoai-tech/crypto",
      "version": "0.2.1",
    },
    "nodepkg/fetcher": {
      "name": "@innoai-tech/fetcher",
      "version": "0.7.3",
      "peerDependencies": {
        "rxjs": "7.x",
      },
    },
    "nodepkg/lodash": {
      "name": "@innoai-tech/lodash",
      "version": "0.2.5",
      "dependencies": {
        "@types/lodash-es": "^4.17.12",
        "lodash": "^4.17.21",
        "lodash-es": "^4.17.22",
      },
    },
  },
  "overrides": {
    "rolldown": "^1.0.0-beta.60",
    "vite": "^8.0.0-beta.8",
  },
  "packages": {
    "@emnapi/core": ["@emnapi/core@1.7.1", "", { "dependencies": { "@emnapi/wasi-threads": "1.1.0", "tslib": "^2.4.0" } }, "sha512-o1uhUASyo921r2XtHYOHy7gdkGLge8ghBEQHMWmyJFoXlpU58kIrhhN3w26lpQb6dspetweapMn2CSNwQ8I4wg=="],

    "@emnapi/runtime": ["@emnapi/runtime@1.7.1", "", { "dependencies": { "tslib": "^2.4.0" } }, "sha512-PVtJr5CmLwYAU9PZDMITZoR5iAOShYREoR45EyyLrbntV50mdePTgUn4AmOw90Ifcj+x2kRjdzr1HP3RrNiHGA=="],

    "@emnapi/wasi-threads": ["@emnapi/wasi-threads@1.1.0", "", { "dependencies": { "tslib": "^2.4.0" } }, "sha512-WI0DdZ8xFSbgMjR1sFsKABJ/C5OnRrjT06JXbZKexJGrDuPTzZdDYfFlsgcCXCyf+suG5QU2e/y1Wo2V/OapLQ=="],

    "@happy-dom/global-registrator": ["@happy-dom/global-registrator@20.3.4", "", { "dependencies": { "@types/node": ">=20.0.0", "happy-dom": "^20.3.4" } }, "sha512-h8spgNO3ykyYAjcnazUfo9i0877rpn6qZtm4ixtA6PR3GNkcxSlIwbWzO4hCVsCCeRkJMRPGVCNue46WpQfhKg=="],

    "@innoai-tech/config": ["@innoai-tech/config@workspace:nodepkg/config"],

    "@innoai-tech/crypto": ["@innoai-tech/crypto@workspace:nodepkg/crypto"],

    "@innoai-tech/devconfig": ["@innoai-tech/devconfig@workspace:nodedevpkg/devconfig"],

    "@innoai-tech/fetcher": ["@innoai-tech/fetcher@workspace:nodepkg/fetcher"],

    "@innoai-tech/lodash": ["@innoai-tech/lodash@workspace:nodepkg/lodash"],

    "@innoai-tech/monobundle": ["@innoai-tech/monobundle@workspace:nodedevpkg/monobundle"],

    "@innoai-tech/purebundle": ["@innoai-tech/purebundle@workspace:nodedevpkg/purebundle"],

    "@innoai-tech/vuecomponentcompleter": ["@innoai-tech/vuecomponentcompleter@workspace:nodedevpkg/vuecomponentcompleter"],

    "@isaacs/balanced-match": ["@isaacs/balanced-match@4.0.1", "", {}, "sha512-yzMTt9lEb8Gv7zRioUilSglI0c0smZ9k5D65677DLWLtWJaXIS3CqcGyUFByYKlnUj6TkjLVs54fBl6+TiGQDQ=="],

    "@isaacs/brace-expansion": ["@isaacs/brace-expansion@5.0.0", "", { "dependencies": { "@isaacs/balanced-match": "^4.0.1" } }, "sha512-ZT55BDLV0yv0RBm2czMiZ+SqCGO7AvmOM3G/w2xhVPH+te0aKgFjmBvGlL1dH+ql2tgGO3MVrbb3jCKyvpgnxA=="],

    "@jridgewell/sourcemap-codec": ["@jridgewell/sourcemap-codec@1.5.5", "", {}, "sha512-cYQ9310grqxueWbl+WuIUIaiUaDcj7WOq5fVhEljNVgRfOUhY9fy2zTvfoqWsnebh8Sl70VScFbICvJnLKB0Og=="],

    "@napi-rs/wasm-runtime": ["@napi-rs/wasm-runtime@1.1.1", "", { "dependencies": { "@emnapi/core": "^1.7.1", "@emnapi/runtime": "^1.7.1", "@tybys/wasm-util": "^0.10.1" } }, "sha512-p64ah1M1ld8xjWv3qbvFwHiFVWrq1yFvV4f7w+mzaqiR4IlSgkqhcRdHwsGgomwzBH51sRY4NEowLxnaBjcW/A=="],

    "@nodelib/fs.scandir": ["@nodelib/fs.scandir@2.1.5", "", { "dependencies": { "@nodelib/fs.stat": "2.0.5", "run-parallel": "^1.1.9" } }, "sha512-vq24Bq3ym5HEQm2NKCr3yXDwjc7vTsEThRDnkp2DK9p1uqLR+DHurm/NOTo0KG7HYHU7eppKZj3MyqYuMBf62g=="],

    "@nodelib/fs.stat": ["@nodelib/fs.stat@2.0.5", "", {}, "sha512-RkhPPp2zrqDAQA/2jNhnztcPAlv64XdhIp7a7454A5ovI7Bukxgt7MX7udwAu3zg1DcpPU0rz3VV1SeaqvY4+A=="],

    "@nodelib/fs.walk": ["@nodelib/fs.walk@1.2.8", "", { "dependencies": { "@nodelib/fs.scandir": "2.1.5", "fastq": "^1.6.0" } }, "sha512-oGB+UxlgWcgQkgwo8GcEGwemoTFt3FIO9ababBmaGwXIoBKZ+GTy0pP185beGg7Llih/NSHSV2XAs1lnznocSg=="],

    "@oxc-parser/binding-android-arm64": ["@oxc-parser/binding-android-arm64@0.99.0", "", { "os": "android", "cpu": "arm64" }, "sha512-V4jhmKXgQQdRnm73F+r3ZY4pUEsijQeSraFeaCGng7abSNJGs76X6l82wHnmjLGFAeY00LWtjcELs7ZmbJ9+lA=="],

    "@oxc-parser/binding-darwin-arm64": ["@oxc-parser/binding-darwin-arm64@0.99.0", "", { "os": "darwin", "cpu": "arm64" }, "sha512-Rp41nf9zD5FyLZciS9l1GfK8PhYqrD5kEGxyTOA2esTLeAy37rZxetG2E3xteEolAkeb2WDkVrlxPtibeAncMg=="],

    "@oxc-parser/binding-darwin-x64": ["@oxc-parser/binding-darwin-x64@0.99.0", "", { "os": "darwin", "cpu": "x64" }, "sha512-WVonp40fPPxo5Gs0POTI57iEFv485TvNKOHMwZRhigwZRhZY2accEAkYIhei9eswF4HN5B44Wybkz7Gd1Qr/5Q=="],

    "@oxc-parser/binding-freebsd-x64": ["@oxc-parser/binding-freebsd-x64@0.99.0", "", { "os": "freebsd", "cpu": "x64" }, "sha512-H30bjOOttPmG54gAqu6+HzbLEzuNOYO2jZYrIq4At+NtLJwvNhXz28Hf5iEAFZIH/4hMpLkM4VN7uc+5UlNW3Q=="],

    "@oxc-parser/binding-linux-arm-gnueabihf": ["@oxc-parser/binding-linux-arm-gnueabihf@0.99.0", "", { "os": "linux", "cpu": "arm" }, "sha512-0Z/Th0SYqzSRDPs6tk5lQdW0i73UCupnim3dgq2oW0//UdLonV/5wIZCArfKGC7w9y4h8TxgXpgtIyD1kKzzlQ=="],

    "@oxc-parser/binding-linux-arm-musleabihf": ["@oxc-parser/binding-linux-arm-musleabihf@0.99.0", "", { "os": "linux", "cpu": "arm" }, "sha512-xo0wqNd5bpbzQVNpAIFbHk1xa+SaS/FGBABCd942SRTnrpxl6GeDj/s1BFaGcTl8MlwlKVMwOcyKrw/2Kdfquw=="],

    "@oxc-parser/binding-linux-arm64-gnu": ["@oxc-parser/binding-linux-arm64-gnu@0.99.0", "", { "os": "linux", "cpu": "arm64" }, "sha512-u26I6LKoLTPTd4Fcpr0aoAtjnGf5/ulMllo+QUiBhupgbVCAlaj4RyXH/mvcjcsl2bVBv9E/gYJZz2JjxQWXBA=="],

    "@oxc-parser/binding-linux-arm64-musl": ["@oxc-parser/binding-linux-arm64-musl@0.99.0", "", { "os": "linux", "cpu": "arm64" }, "sha512-qhftDo2D37SqCEl3ZTa367NqWSZNb1Ddp34CTmShLKFrnKdNiUn55RdokLnHtf1AL5ssaQlYDwBECX7XiBWOhw=="],

    "@oxc-parser/binding-linux-riscv64-gnu": ["@oxc-parser/binding-linux-riscv64-gnu@0.99.0", "", { "os": "linux", "cpu": "none" }, "sha512-zxn/xkf519f12FKkpL5XwJipsylfSSnm36h6c1zBDTz4fbIDMGyIhHfWfwM7uUmHo9Aqw1pLxFpY39Etv398+Q=="],

    "@oxc-parser/binding-linux-s390x-gnu": ["@oxc-parser/binding-linux-s390x-gnu@0.99.0", "", { "os": "linux", "cpu": "s390x" }, "sha512-Y1eSDKDS5E4IVC7Oxw+NbYAKRmJPMJTIjW+9xOWwteDHkFqpocKe0USxog+Q1uhzalD9M0p9eXWEWdGQCMDBMQ=="],

    "@oxc-parser/binding-linux-x64-gnu": ["@oxc-parser/binding-linux-x64-gnu@0.99.0", "", { "os": "linux", "cpu": "x64" }, "sha512-YVJMfk5cFWB8i2/nIrbk6n15bFkMHqWnMIWkVx7r2KwpTxHyFMfu2IpeVKo1ITDSmt5nBrGdLHD36QRlu2nDLg=="],

    "@oxc-parser/binding-linux-x64-musl": ["@oxc-parser/binding-linux-x64-musl@0.99.0", "", { "os": "linux", "cpu": "x64" }, "sha512-2+SDPrie5f90A1b9EirtVggOgsqtsYU5raZwkDYKyS1uvJzjqHCDhG/f4TwQxHmIc5YkczdQfwvN91lwmjsKYQ=="],

    "@oxc-parser/binding-wasm32-wasi": ["@oxc-parser/binding-wasm32-wasi@0.99.0", "", { "dependencies": { "@napi-rs/wasm-runtime": "^1.0.7" }, "cpu": "none" }, "sha512-DKA4j0QerUWSMADziLM5sAyM7V53Fj95CV9SjP77bPfEfT7MnvFKnneaRMqPK1cpzjAGiQF52OBUIKyk0dwOQA=="],

    "@oxc-parser/binding-win32-arm64-msvc": ["@oxc-parser/binding-win32-arm64-msvc@0.99.0", "", { "os": "win32", "cpu": "arm64" }, "sha512-EaB3AvsxqdNUhh9FOoAxRZ2L4PCRwDlDb//QXItwyOJrX7XS+uGK9B1KEUV4FZ/7rDhHsWieLt5e07wl2Ti5AQ=="],

    "@oxc-parser/binding-win32-x64-msvc": ["@oxc-parser/binding-win32-x64-msvc@0.99.0", "", { "os": "win32", "cpu": "x64" }, "sha512-sJN1Q8h7ggFOyDn0zsHaXbP/MklAVUvhrbq0LA46Qum686P3SZQHjbATqJn9yaVEvaSKXCshgl0vQ1gWkGgpcQ=="],

    "@oxc-project/runtime": ["@oxc-project/runtime@0.108.0", "", {}, "sha512-J1cESY4anMO4i9KtCPmCfQAzAR00Uw4SWsDPFP10CIwDMugkh34UrTKByuYKuPaHy0XAk8LlJiZJq2OLMfbuIQ=="],

    "@oxc-project/types": ["@oxc-project/types@0.108.0", "", {}, "sha512-7lf13b2IA/kZO6xgnIZA88sq3vwrxWk+2vxf6cc+omwYCRTiA5e63Beqf3fz/v8jEviChWWmFYBwzfSeyrsj7Q=="],

    "@prettier/plugin-oxc": ["@prettier/plugin-oxc@0.1.3", "", { "dependencies": { "oxc-parser": "0.99.0" } }, "sha512-aABz3zIRilpWMekbt1FL1JVBQrQLR8L4Td2SRctECrWSsXGTNn/G1BqNSKCdbvQS1LWstAXfqcXzDki7GAAJyg=="],

    "@rolldown/binding-android-arm64": ["@rolldown/binding-android-arm64@1.0.0-beta.60", "", { "os": "android", "cpu": "arm64" }, "sha512-hOW6iQXtpG4uCW1zGK56+KhEXGttSkTp2ykncW/nkOIF/jOKTqbM944Q73HVeMXP1mPRvE2cZwNp3xeLIeyIGQ=="],

    "@rolldown/binding-darwin-arm64": ["@rolldown/binding-darwin-arm64@1.0.0-beta.60", "", { "os": "darwin", "cpu": "arm64" }, "sha512-vyDA4HXY2mP8PPtl5UE17uGPxUNG4m1wkfa3kAkR8JWrFbarV97UmLq22IWrNhtBPa89xqerzLK8KoVmz5JqCQ=="],

    "@rolldown/binding-darwin-x64": ["@rolldown/binding-darwin-x64@1.0.0-beta.60", "", { "os": "darwin", "cpu": "x64" }, "sha512-WnxyqxAKP2BsxouwGY/RCF5UFw/LA4QOHhJ7VEl+UCelHokiwqNHRbryLAyRy3TE1FZ5eae+vAFcaetAu/kWLw=="],

    "@rolldown/binding-freebsd-x64": ["@rolldown/binding-freebsd-x64@1.0.0-beta.60", "", { "os": "freebsd", "cpu": "x64" }, "sha512-JtyWJ+zXOHof5gOUYwdTWI2kL6b8q9eNwqB/oD4mfUFaC/COEB2+47JMhcq78dey9Ahmec3DZKRDZPRh9hNAMQ=="],

    "@rolldown/binding-linux-arm-gnueabihf": ["@rolldown/binding-linux-arm-gnueabihf@1.0.0-beta.60", "", { "os": "linux", "cpu": "arm" }, "sha512-LrMoKqpHx+kCaNSk84iSBd4yVOymLIbxJQtvFjDN2CjQraownR+IXcwYDblFcj9ivmS54T3vCboXBbm3s1zbPQ=="],

    "@rolldown/binding-linux-arm64-gnu": ["@rolldown/binding-linux-arm64-gnu@1.0.0-beta.60", "", { "os": "linux", "cpu": "arm64" }, "sha512-sqI+Vdx1gmXJMsXN3Fsewm3wlt7RHvRs1uysSp//NLsCoh9ZFEUr4ZzGhWKOg6Rvf+njNu/vCsz96x7wssLejQ=="],

    "@rolldown/binding-linux-arm64-musl": ["@rolldown/binding-linux-arm64-musl@1.0.0-beta.60", "", { "os": "linux", "cpu": "arm64" }, "sha512-8xlqGLDtTP8sBfYwneTDu8+PRm5reNEHAuI/+6WPy9y350ls0KTFd3EJCOWEXWGW0F35ko9Fn9azmurBTjqOrQ=="],

    "@rolldown/binding-linux-x64-gnu": ["@rolldown/binding-linux-x64-gnu@1.0.0-beta.60", "", { "os": "linux", "cpu": "x64" }, "sha512-iR4nhVouVZK1CiGGGyz+prF5Lw9Lmz30Rl36Hajex+dFVFiegka604zBwzTp5Tl0BZnr50ztnVJ30tGrBhDr8Q=="],

    "@rolldown/binding-linux-x64-musl": ["@rolldown/binding-linux-x64-musl@1.0.0-beta.60", "", { "os": "linux", "cpu": "x64" }, "sha512-HbfNcqNeqxFjSMf1Kpe8itr2e2lr0Bm6HltD2qXtfU91bSSikVs9EWsa1ThshQ1v2ZvxXckGjlVLtah6IoslPg=="],

    "@rolldown/binding-openharmony-arm64": ["@rolldown/binding-openharmony-arm64@1.0.0-beta.60", "", { "os": "none", "cpu": "arm64" }, "sha512-BiiamFcgTJ+ZFOUIMO9AHXUo9WXvHVwGfSrJ+Sv0AsTd2w3VN7dJGiH3WRcxKFetljJHWvGbM4fdpY5lf6RIvw=="],

    "@rolldown/binding-wasm32-wasi": ["@rolldown/binding-wasm32-wasi@1.0.0-beta.60", "", { "dependencies": { "@napi-rs/wasm-runtime": "^1.1.1" }, "cpu": "none" }, "sha512-6roXGbHMdR2ucnxXuwbmQvk8tuYl3VGu0yv13KxspyKBxxBd4RS6iykzLD6mX2gMUHhfX8SVWz7n/62gfyKHow=="],

    "@rolldown/binding-win32-arm64-msvc": ["@rolldown/binding-win32-arm64-msvc@1.0.0-beta.60", "", { "os": "win32", "cpu": "arm64" }, "sha512-JBOm8/DC/CKnHyMHoJFdvzVHxUixid4dGkiTqGflxOxO43uSJMpl77pSPXvzwZ/VXwqblU2V0/PanyCBcRLowQ=="],

    "@rolldown/binding-win32-x64-msvc": ["@rolldown/binding-win32-x64-msvc@1.0.0-beta.60", "", { "os": "win32", "cpu": "x64" }, "sha512-MKF0B823Efp+Ot8KsbwIuGhKH58pf+2rSM6VcqyNMlNBHheOM0Gf7JmEu+toc1jgN6fqjH7Et+8hAzsLVkIGfA=="],

    "@rolldown/pluginutils": ["@rolldown/pluginutils@1.0.0-beta.60", "", {}, "sha512-Jz4aqXRPVtqkH1E3jRDzLO5cgN5JwW+WG0wXGE4NiJd25nougv/AHzxmKCzmVQUYnxLmTM0M4wrZp+LlC2FKLg=="],

    "@sindresorhus/merge-streams": ["@sindresorhus/merge-streams@4.0.0", "", {}, "sha512-tlqY9xq5ukxTUZBmoOp+m61cqwQD5pHJtFY3Mn8CA8ps6yghLH/Hw8UPdqg4OLmFW3IFlcXnQNmo/dh8HzXYIQ=="],

    "@standard-schema/spec": ["@standard-schema/spec@1.0.0", "", {}, "sha512-m2bOd0f2RT9k8QJx1JN85cZYyH1RqFBdlwtkSlf4tBDYLCiiZnv1fIIwacK6cqwXavOydf0NPToMQgpKq+dVlA=="],

    "@swc/core": ["@swc/core@1.15.3", "", { "dependencies": { "@swc/counter": "^0.1.3", "@swc/types": "^0.1.25" }, "optionalDependencies": { "@swc/core-darwin-arm64": "1.15.3", "@swc/core-darwin-x64": "1.15.3", "@swc/core-linux-arm-gnueabihf": "1.15.3", "@swc/core-linux-arm64-gnu": "1.15.3", "@swc/core-linux-arm64-musl": "1.15.3", "@swc/core-linux-x64-gnu": "1.15.3", "@swc/core-linux-x64-musl": "1.15.3", "@swc/core-win32-arm64-msvc": "1.15.3", "@swc/core-win32-ia32-msvc": "1.15.3", "@swc/core-win32-x64-msvc": "1.15.3" }, "peerDependencies": { "@swc/helpers": ">=0.5.17" }, "optionalPeers": ["@swc/helpers"] }, "sha512-Qd8eBPkUFL4eAONgGjycZXj1jFCBW8Fd+xF0PzdTlBCWQIV1xnUT7B93wUANtW3KGjl3TRcOyxwSx/u/jyKw/Q=="],

    "@swc/core-darwin-arm64": ["@swc/core-darwin-arm64@1.15.3", "", { "os": "darwin", "cpu": "arm64" }, "sha512-AXfeQn0CvcQ4cndlIshETx6jrAM45oeUrK8YeEY6oUZU/qzz0Id0CyvlEywxkWVC81Ajpd8TQQ1fW5yx6zQWkQ=="],

    "@swc/core-darwin-x64": ["@swc/core-darwin-x64@1.15.3", "", { "os": "darwin", "cpu": "x64" }, "sha512-p68OeCz1ui+MZYG4wmfJGvcsAcFYb6Sl25H9TxWl+GkBgmNimIiRdnypK9nBGlqMZAcxngNPtnG3kEMNnvoJ2A=="],

    "@swc/core-linux-arm-gnueabihf": ["@swc/core-linux-arm-gnueabihf@1.15.3", "", { "os": "linux", "cpu": "arm" }, "sha512-Nuj5iF4JteFgwrai97mUX+xUOl+rQRHqTvnvHMATL/l9xE6/TJfPBpd3hk/PVpClMXG3Uvk1MxUFOEzM1JrMYg=="],

    "@swc/core-linux-arm64-gnu": ["@swc/core-linux-arm64-gnu@1.15.3", "", { "os": "linux", "cpu": "arm64" }, "sha512-2Nc/s8jE6mW2EjXWxO/lyQuLKShcmTrym2LRf5Ayp3ICEMX6HwFqB1EzDhwoMa2DcUgmnZIalesq2lG3krrUNw=="],

    "@swc/core-linux-arm64-musl": ["@swc/core-linux-arm64-musl@1.15.3", "", { "os": "linux", "cpu": "arm64" }, "sha512-j4SJniZ/qaZ5g8op+p1G9K1z22s/EYGg1UXIb3+Cg4nsxEpF5uSIGEE4mHUfA70L0BR9wKT2QF/zv3vkhfpX4g=="],

    "@swc/core-linux-x64-gnu": ["@swc/core-linux-x64-gnu@1.15.3", "", { "os": "linux", "cpu": "x64" }, "sha512-aKttAZnz8YB1VJwPQZtyU8Uk0BfMP63iDMkvjhJzRZVgySmqt/apWSdnoIcZlUoGheBrcqbMC17GGUmur7OT5A=="],

    "@swc/core-linux-x64-musl": ["@swc/core-linux-x64-musl@1.15.3", "", { "os": "linux", "cpu": "x64" }, "sha512-oe8FctPu1gnUsdtGJRO2rvOUIkkIIaHqsO9xxN0bTR7dFTlPTGi2Fhk1tnvXeyAvCPxLIcwD8phzKg6wLv9yug=="],

    "@swc/core-win32-arm64-msvc": ["@swc/core-win32-arm64-msvc@1.15.3", "", { "os": "win32", "cpu": "arm64" }, "sha512-L9AjzP2ZQ/Xh58e0lTRMLvEDrcJpR7GwZqAtIeNLcTK7JVE+QineSyHp0kLkO1rttCHyCy0U74kDTj0dRz6raA=="],

    "@swc/core-win32-ia32-msvc": ["@swc/core-win32-ia32-msvc@1.15.3", "", { "os": "win32", "cpu": "ia32" }, "sha512-B8UtogMzErUPDWUoKONSVBdsgKYd58rRyv2sHJWKOIMCHfZ22FVXICR4O/VwIYtlnZ7ahERcjayBHDlBZpR0aw=="],

    "@swc/core-win32-x64-msvc": ["@swc/core-win32-x64-msvc@1.15.3", "", { "os": "win32", "cpu": "x64" }, "sha512-SpZKMR9QBTecHeqpzJdYEfgw30Oo8b/Xl6rjSzBt1g0ZsXyy60KLXrp6IagQyfTYqNYE/caDvwtF2FPn7pomog=="],

    "@swc/counter": ["@swc/counter@0.1.3", "", {}, "sha512-e2BR4lsJkkRlKZ/qCHPw9ZaSxc0MVUd7gtbtaB7aMvHeJVYe8sOB8DBZkP2DtISHGSku9sCK6T6cnY0CtXrOCQ=="],

    "@swc/types": ["@swc/types@0.1.25", "", { "dependencies": { "@swc/counter": "^0.1.3" } }, "sha512-iAoY/qRhNH8a/hBvm3zKj9qQ4oc2+3w1unPJa2XvTK3XjeLXtzcCingVPw/9e5mn1+0yPqxcBGp9Jf0pkfMb1g=="],

    "@tybys/wasm-util": ["@tybys/wasm-util@0.10.1", "", { "dependencies": { "tslib": "^2.4.0" } }, "sha512-9tTaPJLSiejZKx+Bmog4uSubteqTvFrVrURwkmHixBo0G4seD0zUxp98E1DzUBJxLQ3NPwXrGKDiVjwx/DpPsg=="],

    "@types/chai": ["@types/chai@5.2.3", "", { "dependencies": { "@types/deep-eql": "*", "assertion-error": "^2.0.1" } }, "sha512-Mw558oeA9fFbv65/y4mHtXDs9bPnFMZAL/jxdPFUpOHHIXX91mcgEHbS5Lahr+pwZFR8A7GQleRWeI6cGFC2UA=="],

    "@types/deep-eql": ["@types/deep-eql@4.0.2", "", {}, "sha512-c9h9dVVMigMPc4bwTvC5dxqtqJZwQPePsWjPlpSOnojbor6pGqdk541lfA7AqFQr5pB1BRdq0juY9db81BwyFw=="],

    "@types/estree": ["@types/estree@1.0.8", "", {}, "sha512-dWHzHa2WqEXI/O1E9OjrocMTKJl2mSrEolh1Iomrv6U+JuNwaHXsXx9bLu5gG7BUWFIN0skIQJQ/L1rIex4X6w=="],

    "@types/js-yaml": ["@types/js-yaml@4.0.9", "", {}, "sha512-k4MGaQl5TGo/iipqb2UDG2UwjXziSWkh0uysQelTlJpX1qGlpUZYm8PnO4DxG1qBomtJUdYJ6qR6xdIah10JLg=="],

    "@types/lodash": ["@types/lodash@4.17.20", "", {}, "sha512-H3MHACvFUEiujabxhaI/ImO6gUrd8oOurg7LQtS7mbwIXA/cUqWrvBsaeJ23aZEPk1TAYkurjfMbSELfoCXlGA=="],

    "@types/lodash-es": ["@types/lodash-es@4.17.12", "", { "dependencies": { "@types/lodash": "*" } }, "sha512-0NgftHUcV4v34VhXm8QBSftKVXtbkBG3ViCjs6+eJ5a6y6Mi/jiFGPc1sC7QK+9BFhWrURE3EOggmWaSxL9OzQ=="],

    "@types/node": ["@types/node@20.19.24", "", { "dependencies": { "undici-types": "~6.21.0" } }, "sha512-FE5u0ezmi6y9OZEzlJfg37mqqf6ZDSF2V/NLjUyGrR9uTZ7Sb9F7bLNZ03S4XVUNRWGA7Ck4c1kK+YnuWjl+DA=="],

    "@types/whatwg-mimetype": ["@types/whatwg-mimetype@3.0.2", "", {}, "sha512-c2AKvDT8ToxLIOUlN51gTiHXflsfIFisS4pO7pDPoKouJCESkhZnEy623gwP9laCy5lnLDAw1vAzu2vM2YLOrA=="],

    "@types/ws": ["@types/ws@8.18.1", "", { "dependencies": { "@types/node": "*" } }, "sha512-ThVF6DCVhA8kUGy+aazFQ4kXQ7E1Ty7A3ypFOe0IcJV8O/M511G99AW24irKrW56Wt44yG9+ij8FaqoBGkuBXg=="],

    "@types/yargs": ["@types/yargs@17.0.35", "", { "dependencies": { "@types/yargs-parser": "*" } }, "sha512-qUHkeCyQFxMXg79wQfTtfndEC+N9ZZg76HJftDJp+qH2tV7Gj4OJi7l+PiWwJ+pWtW8GwSmqsDj/oymhrTWXjg=="],

    "@types/yargs-parser": ["@types/yargs-parser@21.0.3", "", {}, "sha512-I4q9QU9MQv4oEOz4tAHJtNz1cwuLxn2F3xcc2iV5WdqLPpUnj30aUuxt1mAxYTG+oe8CZMV/+6rU4S4gRDzqtQ=="],

    "@typescript/native-preview": ["@typescript/native-preview@7.0.0-dev.20260120.1", "", { "optionalDependencies": { "@typescript/native-preview-darwin-arm64": "7.0.0-dev.20260120.1", "@typescript/native-preview-darwin-x64": "7.0.0-dev.20260120.1", "@typescript/native-preview-linux-arm": "7.0.0-dev.20260120.1", "@typescript/native-preview-linux-arm64": "7.0.0-dev.20260120.1", "@typescript/native-preview-linux-x64": "7.0.0-dev.20260120.1", "@typescript/native-preview-win32-arm64": "7.0.0-dev.20260120.1", "@typescript/native-preview-win32-x64": "7.0.0-dev.20260120.1" }, "bin": { "tsgo": "bin/tsgo.js" } }, "sha512-nnEf37C9ue7OBRnF2zmV/OCBmV5Y7T/K4mCHa+nxgiXcF/1w8sA0cgdFl+gHQ0mysqUJ+Bu5btAMeWgpLyjrgg=="],

    "@typescript/native-preview-darwin-arm64": ["@typescript/native-preview-darwin-arm64@7.0.0-dev.20260120.1", "", { "os": "darwin", "cpu": "arm64" }, "sha512-r3pWFuR2H7mn6ScwpH5jJljKQqKto0npVuJSk6pRwFwexpTyxOGmJTZJ1V0AWiisaNxU2+CNAqWFJSJYIE/QTg=="],

    "@typescript/native-preview-darwin-x64": ["@typescript/native-preview-darwin-x64@7.0.0-dev.20260120.1", "", { "os": "darwin", "cpu": "x64" }, "sha512-cuC1+wLbUP+Ip2UT94G134fqRdp5w3b3dhcCO6/FQ4yXxvRNyv/WK+upHBUFDaeSOeHgDTyO9/QFYUWwC4If1A=="],

    "@typescript/native-preview-linux-arm": ["@typescript/native-preview-linux-arm@7.0.0-dev.20260120.1", "", { "os": "linux", "cpu": "arm" }, "sha512-vN6OYVySol/kQZjJGmAzd6L30SyVlCgmCXS8WjUYtE5clN0YrzQHop16RK29fYZHMxpkOniVBtRPxUYQANZBlQ=="],

    "@typescript/native-preview-linux-arm64": ["@typescript/native-preview-linux-arm64@7.0.0-dev.20260120.1", "", { "os": "linux", "cpu": "arm64" }, "sha512-zZGvEGY7wcHYefMZ87KNmvjN3NLIhsCMHEpHZiGCS3khKf+8z6ZsanrzCjOTodvL01VPyBzHxV1EtkSxAcLiQg=="],

    "@typescript/native-preview-linux-x64": ["@typescript/native-preview-linux-x64@7.0.0-dev.20260120.1", "", { "os": "linux", "cpu": "x64" }, "sha512-JBfNhWd/asd5MDeS3VgRvE24pGKBkmvLub6tsux6ypr+Yhy+o0WaAEzVpmlRYZUqss2ai5tvOu4dzPBXzZAtFw=="],

    "@typescript/native-preview-win32-arm64": ["@typescript/native-preview-win32-arm64@7.0.0-dev.20260120.1", "", { "os": "win32", "cpu": "arm64" }, "sha512-tTndRtYCq2xwgE0VkTi9ACNiJaV43+PqvBqCxk8ceYi3X36Ve+CCnwlZfZJ4k9NxZthtrAwF/kUmpC9iIYbq1w=="],

    "@typescript/native-preview-win32-x64": ["@typescript/native-preview-win32-x64@7.0.0-dev.20260120.1", "", { "os": "win32", "cpu": "x64" }, "sha512-oZia7hFL6k9pVepfonuPI86Jmyz6WlJKR57tWCDwRNmpA7odxuTq1PbvcYgy1z4+wHF1nnKKJY0PMAiq6ac18w=="],

    "@vitest/expect": ["@vitest/expect@4.0.17", "", { "dependencies": { "@standard-schema/spec": "^1.0.0", "@types/chai": "^5.2.2", "@vitest/spy": "4.0.17", "@vitest/utils": "4.0.17", "chai": "^6.2.1", "tinyrainbow": "^3.0.3" } }, "sha512-mEoqP3RqhKlbmUmntNDDCJeTDavDR+fVYkSOw8qRwJFaW/0/5zA9zFeTrHqNtcmwh6j26yMmwx2PqUDPzt5ZAQ=="],

    "@vitest/mocker": ["@vitest/mocker@4.0.17", "", { "dependencies": { "@vitest/spy": "4.0.17", "estree-walker": "^3.0.3", "magic-string": "^0.30.21" }, "peerDependencies": { "msw": "^2.4.9", "vite": "^6.0.0 || ^7.0.0-0" }, "optionalPeers": ["msw", "vite"] }, "sha512-+ZtQhLA3lDh1tI2wxe3yMsGzbp7uuJSWBM1iTIKCbppWTSBN09PUC+L+fyNlQApQoR+Ps8twt2pbSSXg2fQVEQ=="],

    "@vitest/pretty-format": ["@vitest/pretty-format@4.0.17", "", { "dependencies": { "tinyrainbow": "^3.0.3" } }, "sha512-Ah3VAYmjcEdHg6+MwFE17qyLqBHZ+ni2ScKCiW2XrlSBV4H3Z7vYfPfz7CWQ33gyu76oc0Ai36+kgLU3rfF4nw=="],

    "@vitest/runner": ["@vitest/runner@4.0.17", "", { "dependencies": { "@vitest/utils": "4.0.17", "pathe": "^2.0.3" } }, "sha512-JmuQyf8aMWoo/LmNFppdpkfRVHJcsgzkbCA+/Bk7VfNH7RE6Ut2qxegeyx2j3ojtJtKIbIGy3h+KxGfYfk28YQ=="],

    "@vitest/snapshot": ["@vitest/snapshot@4.0.17", "", { "dependencies": { "@vitest/pretty-format": "4.0.17", "magic-string": "^0.30.21", "pathe": "^2.0.3" } }, "sha512-npPelD7oyL+YQM2gbIYvlavlMVWUfNNGZPcu0aEUQXt7FXTuqhmgiYupPnAanhKvyP6Srs2pIbWo30K0RbDtRQ=="],

    "@vitest/spy": ["@vitest/spy@4.0.17", "", {}, "sha512-I1bQo8QaP6tZlTomQNWKJE6ym4SHf3oLS7ceNjozxxgzavRAgZDc06T7kD8gb9bXKEgcLNt00Z+kZO6KaJ62Ew=="],

    "@vitest/utils": ["@vitest/utils@4.0.17", "", { "dependencies": { "@vitest/pretty-format": "4.0.17", "tinyrainbow": "^3.0.3" } }, "sha512-RG6iy+IzQpa9SB8HAFHJ9Y+pTzI+h8553MrciN9eC6TFBErqrQaTas4vG+MVj8S4uKk8uTT2p0vgZPnTdxd96w=="],

    "ansi-regex": ["ansi-regex@6.2.2", "", {}, "sha512-Bq3SmSpyFHaWjPk8If9yc6svM8c56dB5BAtW4Qbw5jHTwwXXcTLoRMkpDJp6VL0XzlWaCHTXrkFURMYmD0sLqg=="],

    "ansi-styles": ["ansi-styles@6.2.3", "", {}, "sha512-4Dj6M28JB+oAH8kFkTLUo+a2jwOFkuqb3yucU0CANcRRUbxS0cP0nZYCGjcc3BNXwRIsUVmDGgzawme7zvJHvg=="],

    "argparse": ["argparse@2.0.1", "", {}, "sha512-8+9WqebbFzpX9OR+Wa6O29asIogeRMzcGtAINdpMHHyAg10f05aSFVBbcEqGf/PXw1EjAZ+q2/bEBg3DvurK3Q=="],

    "assertion-error": ["assertion-error@2.0.1", "", {}, "sha512-Izi8RQcffqCeNVgFigKli1ssklIbpHnCYc6AknXGYoB6grJqyeby7jv12JUQgmTAnIDnbck1uxksT4dzN3PWBA=="],

    "braces": ["braces@3.0.3", "", { "dependencies": { "fill-range": "^7.1.1" } }, "sha512-yQbXgO/OSZVD2IsiLlro+7Hf6Q18EJrKSEsdoMzKePKXct3gvD8oLcOQdIzGupr5Fj+EDe8gO/lxc1BzfMpxvA=="],

    "bun-types": ["bun-types@1.3.3", "", { "dependencies": { "@types/node": "*" } }, "sha512-z3Xwlg7j2l9JY27x5Qn3Wlyos8YAp0kKRlrePAOjgjMGS5IG6E7Jnlx736vH9UVI4wUICwwhC9anYL++XeOgTQ=="],

    "chai": ["chai@6.2.1", "", {}, "sha512-p4Z49OGG5W/WBCPSS/dH3jQ73kD6tiMmUM+bckNK6Jr5JHMG3k9bg/BvKR8lKmtVBKmOiuVaV2ws8s9oSbwysg=="],

    "chalk": ["chalk@5.6.2", "", {}, "sha512-7NzBL0rN6fMUW+f7A6Io4h40qQlG+xGmtMxfbnH/K7TAtt8JQWVQK+6g0UXKMeVJoyV5EkkNsErQ8pVD3bLHbA=="],

    "cliui": ["cliui@9.0.1", "", { "dependencies": { "string-width": "^7.2.0", "strip-ansi": "^7.1.0", "wrap-ansi": "^9.0.0" } }, "sha512-k7ndgKhwoQveBL+/1tqGJYNz097I7WOvwbmmU2AR5+magtbjPWQTS1C5vzGkBC8Ym8UWRzfKUzUUqFLypY4Q+w=="],

    "core-js": ["core-js@3.47.0", "", {}, "sha512-c3Q2VVkGAUyupsjRnaNX6u8Dq2vAdzm9iuPj5FW0fRxzlxgq9Q39MDq10IvmQSpLgHQNyQzQmOo6bgGHmH3NNg=="],

    "detect-libc": ["detect-libc@2.1.2", "", {}, "sha512-Btj2BOOO83o3WyH59e8MgXsxEQVcarkUOpEYrubB0urwnN10yQ364rsiByU11nZlqWYZm05i/of7io4mzihBtQ=="],

    "emoji-regex": ["emoji-regex@10.6.0", "", {}, "sha512-toUI84YS5YmxW219erniWD0CIVOo46xGKColeNQRgOzDorgBi1v4D71/OFzgD9GO2UGKIv1C3Sp8DAn0+j5w7A=="],

    "entities": ["entities@4.5.0", "", {}, "sha512-V0hjH4dGPh9Ao5p0MoRY6BVqtwCjhz6vI5LT8AJ55H+4g9/4vbHx1I54fS0XuclLhDHArPQCiMjDxjaL8fPxhw=="],

    "es-module-lexer": ["es-module-lexer@1.7.0", "", {}, "sha512-jEQoCwk8hyb2AZziIOLhDqpm5+2ww5uIE6lkO/6jcOCusfk6LhMHpXXfBLXTZ7Ydyt0j4VoUQv6uGNYbdW+kBA=="],

    "es-toolkit": ["es-toolkit@1.44.0", "", {}, "sha512-6penXeZalaV88MM3cGkFZZfOoLGWshWWfdy0tWw/RlVVyhvMaWSBTOvXNeiW3e5FwdS5ePW0LGEu17zT139ktg=="],

    "escalade": ["escalade@3.2.0", "", {}, "sha512-WUj2qlxaQtO4g6Pq5c29GTcWGDyd8itL8zTlipgECz3JesAiiOKotd8JU6otB3PACgG6xkJUyVhboMS+bje/jA=="],

    "estree-walker": ["estree-walker@3.0.3", "", { "dependencies": { "@types/estree": "^1.0.0" } }, "sha512-7RUKfXgSMMkzt6ZuXmqapOurLGPPfgj6l9uRZ7lRGolvk0y2yocc35LdcxKC5PQZdn2DMqioAQ2NoWcrTKmm6g=="],

    "expect-type": ["expect-type@1.2.2", "", {}, "sha512-JhFGDVJ7tmDJItKhYgJCGLOWjuK9vPxiXoUFLwLDc99NlmklilbiQJwoctZtt13+xMw91MCk/REan6MWHqDjyA=="],

    "fast-glob": ["fast-glob@3.3.3", "", { "dependencies": { "@nodelib/fs.stat": "^2.0.2", "@nodelib/fs.walk": "^1.2.3", "glob-parent": "^5.1.2", "merge2": "^1.3.0", "micromatch": "^4.0.8" } }, "sha512-7MptL8U0cqcFdzIzwOTHoilX9x5BrNqye7Z/LuC7kCMRio1EMSyqRK3BEAUD7sXRq4iT4AzTVuZdhgQ2TCvYLg=="],

    "fastq": ["fastq@1.19.1", "", { "dependencies": { "reusify": "^1.0.4" } }, "sha512-GwLTyxkCXjXbxqIhTsMI2Nui8huMPtnxg7krajPJAjnEG/iiOS7i+zCtWGZR9G0NBKbXKh6X9m9UIsYX/N6vvQ=="],

    "fdir": ["fdir@6.5.0", "", { "peerDependencies": { "picomatch": "^3 || ^4" }, "optionalPeers": ["picomatch"] }, "sha512-tIbYtZbucOs0BRGqPJkshJUYdL+SDH7dVM8gjy+ERp3WAUjLEFJE+02kanyHtwjWOnwrKYBiwAmM0p4kLJAnXg=="],

    "fill-range": ["fill-range@7.1.1", "", { "dependencies": { "to-regex-range": "^5.0.1" } }, "sha512-YsGpe3WHLK8ZYi4tWDg2Jy3ebRz2rXowDxnld4bkQB00cc/1Zw9AWnC0i9ztDJitivtQvaI9KaLyKrc+hBW0yg=="],

    "fsevents": ["fsevents@2.3.3", "", { "os": "darwin" }, "sha512-5xoDfX+fL7faATnagmWPpbFtwh/R77WmMMqqHGS65C3vvB0YHrgF+B1YmZ3441tMj5n63k0212XNoJwzlhffQw=="],

    "get-caller-file": ["get-caller-file@2.0.5", "", {}, "sha512-DyFP3BM/3YHTQOCUL/w0OZHR0lpKeGrxotcHWcqNEdnltqFwXVfhEBQ94eIo34AfQpo0rGki4cyIiftY06h2Fg=="],

    "get-east-asian-width": ["get-east-asian-width@1.4.0", "", {}, "sha512-QZjmEOC+IT1uk6Rx0sX22V6uHWVwbdbxf1faPqJ1QhLdGgsRGCZoyaQBm/piRdJy/D2um6hM1UP7ZEeQ4EkP+Q=="],

    "glob-parent": ["glob-parent@5.1.2", "", { "dependencies": { "is-glob": "^4.0.1" } }, "sha512-AOIgSQCepiJYwP3ARnGx+5VnTu2HBYdzbGP45eLw1vr3zB3vZLeyed1sC9hnbcOc9/SrMyM5RPQrkGz4aS9Zow=="],

    "globby": ["globby@16.1.0", "", { "dependencies": { "@sindresorhus/merge-streams": "^4.0.0", "fast-glob": "^3.3.3", "ignore": "^7.0.5", "is-path-inside": "^4.0.0", "slash": "^5.1.0", "unicorn-magic": "^0.4.0" } }, "sha512-+A4Hq7m7Ze592k9gZRy4gJ27DrXRNnC1vPjxTt1qQxEY8RxagBkBxivkCwg7FxSTG0iLLEMaUx13oOr0R2/qcQ=="],

    "happy-dom": ["happy-dom@20.3.4", "", { "dependencies": { "@types/node": ">=20.0.0", "@types/whatwg-mimetype": "^3.0.2", "@types/ws": "^8.18.1", "entities": "^4.5.0", "whatwg-mimetype": "^3.0.0", "ws": "^8.18.3" } }, "sha512-rfbiwB6OKxZFIFQ7SRnCPB2WL9WhyXsFoTfecYgeCeFSOBxvkWLaXsdv5ehzJrfqwXQmDephAKWLRQoFoJwrew=="],

    "ignore": ["ignore@7.0.5", "", {}, "sha512-Hs59xBNfUIunMFgWAbGX5cq6893IbWg4KnrjbYwX3tx0ztorVgTDA6B2sxf8ejHJ4wz8BqGUMYlnzNBer5NvGg=="],

    "is-extglob": ["is-extglob@2.1.1", "", {}, "sha512-SbKbANkN603Vi4jEZv49LeVJMn4yGwsbzZworEoyEiutsN3nJYdbO36zfhGJ6QEDpOZIFkDtnq5JRxmvl3jsoQ=="],

    "is-glob": ["is-glob@4.0.3", "", { "dependencies": { "is-extglob": "^2.1.1" } }, "sha512-xelSayHH36ZgE7ZWhli7pW34hNbNl8Ojv5KVmkJD4hBdD3th8Tfk9vYasLM+mXWOZhFkgZfxhLSnrwRr4elSSg=="],

    "is-number": ["is-number@7.0.0", "", {}, "sha512-41Cifkg6e8TylSpdtTpeLVMqvSBEVzTttHvERD741+pnZ8ANv0004MRL43QKPDlK9cGvNp6NZWZUBlbGXYxxng=="],

    "is-path-inside": ["is-path-inside@4.0.0", "", {}, "sha512-lJJV/5dYS+RcL8uQdBDW9c9uWFLLBNRyFhnAKXw5tVqLlKZ4RMGZKv+YQ/IA3OhD+RpbJa1LLFM1FQPGyIXvOA=="],

    "js-yaml": ["js-yaml@4.1.1", "", { "dependencies": { "argparse": "^2.0.1" }, "bin": { "js-yaml": "bin/js-yaml.js" } }, "sha512-qQKT4zQxXl8lLwBtHMWwaTcGfFOZviOJet3Oy/xmGk2gZH677CJM9EvtfdSkgWcATZhj/55JZ0rmy3myCT5lsA=="],

    "lightningcss": ["lightningcss@1.30.2", "", { "dependencies": { "detect-libc": "^2.0.3" }, "optionalDependencies": { "lightningcss-android-arm64": "1.30.2", "lightningcss-darwin-arm64": "1.30.2", "lightningcss-darwin-x64": "1.30.2", "lightningcss-freebsd-x64": "1.30.2", "lightningcss-linux-arm-gnueabihf": "1.30.2", "lightningcss-linux-arm64-gnu": "1.30.2", "lightningcss-linux-arm64-musl": "1.30.2", "lightningcss-linux-x64-gnu": "1.30.2", "lightningcss-linux-x64-musl": "1.30.2", "lightningcss-win32-arm64-msvc": "1.30.2", "lightningcss-win32-x64-msvc": "1.30.2" } }, "sha512-utfs7Pr5uJyyvDETitgsaqSyjCb2qNRAtuqUeWIAKztsOYdcACf2KtARYXg2pSvhkt+9NfoaNY7fxjl6nuMjIQ=="],

    "lightningcss-android-arm64": ["lightningcss-android-arm64@1.30.2", "", { "os": "android", "cpu": "arm64" }, "sha512-BH9sEdOCahSgmkVhBLeU7Hc9DWeZ1Eb6wNS6Da8igvUwAe0sqROHddIlvU06q3WyXVEOYDZ6ykBZQnjTbmo4+A=="],

    "lightningcss-darwin-arm64": ["lightningcss-darwin-arm64@1.30.2", "", { "os": "darwin", "cpu": "arm64" }, "sha512-ylTcDJBN3Hp21TdhRT5zBOIi73P6/W0qwvlFEk22fkdXchtNTOU4Qc37SkzV+EKYxLouZ6M4LG9NfZ1qkhhBWA=="],

    "lightningcss-darwin-x64": ["lightningcss-darwin-x64@1.30.2", "", { "os": "darwin", "cpu": "x64" }, "sha512-oBZgKchomuDYxr7ilwLcyms6BCyLn0z8J0+ZZmfpjwg9fRVZIR5/GMXd7r9RH94iDhld3UmSjBM6nXWM2TfZTQ=="],

    "lightningcss-freebsd-x64": ["lightningcss-freebsd-x64@1.30.2", "", { "os": "freebsd", "cpu": "x64" }, "sha512-c2bH6xTrf4BDpK8MoGG4Bd6zAMZDAXS569UxCAGcA7IKbHNMlhGQ89eRmvpIUGfKWNVdbhSbkQaWhEoMGmGslA=="],

    "lightningcss-linux-arm-gnueabihf": ["lightningcss-linux-arm-gnueabihf@1.30.2", "", { "os": "linux", "cpu": "arm" }, "sha512-eVdpxh4wYcm0PofJIZVuYuLiqBIakQ9uFZmipf6LF/HRj5Bgm0eb3qL/mr1smyXIS1twwOxNWndd8z0E374hiA=="],

    "lightningcss-linux-arm64-gnu": ["lightningcss-linux-arm64-gnu@1.30.2", "", { "os": "linux", "cpu": "arm64" }, "sha512-UK65WJAbwIJbiBFXpxrbTNArtfuznvxAJw4Q2ZGlU8kPeDIWEX1dg3rn2veBVUylA2Ezg89ktszWbaQnxD/e3A=="],

    "lightningcss-linux-arm64-musl": ["lightningcss-linux-arm64-musl@1.30.2", "", { "os": "linux", "cpu": "arm64" }, "sha512-5Vh9dGeblpTxWHpOx8iauV02popZDsCYMPIgiuw97OJ5uaDsL86cnqSFs5LZkG3ghHoX5isLgWzMs+eD1YzrnA=="],

    "lightningcss-linux-x64-gnu": ["lightningcss-linux-x64-gnu@1.30.2", "", { "os": "linux", "cpu": "x64" }, "sha512-Cfd46gdmj1vQ+lR6VRTTadNHu6ALuw2pKR9lYq4FnhvgBc4zWY1EtZcAc6EffShbb1MFrIPfLDXD6Xprbnni4w=="],

    "lightningcss-linux-x64-musl": ["lightningcss-linux-x64-musl@1.30.2", "", { "os": "linux", "cpu": "x64" }, "sha512-XJaLUUFXb6/QG2lGIW6aIk6jKdtjtcffUT0NKvIqhSBY3hh9Ch+1LCeH80dR9q9LBjG3ewbDjnumefsLsP6aiA=="],

    "lightningcss-win32-arm64-msvc": ["lightningcss-win32-arm64-msvc@1.30.2", "", { "os": "win32", "cpu": "arm64" }, "sha512-FZn+vaj7zLv//D/192WFFVA0RgHawIcHqLX9xuWiQt7P0PtdFEVaxgF9rjM/IRYHQXNnk61/H/gb2Ei+kUQ4xQ=="],

    "lightningcss-win32-x64-msvc": ["lightningcss-win32-x64-msvc@1.30.2", "", { "os": "win32", "cpu": "x64" }, "sha512-5g1yc73p+iAkid5phb4oVFMB45417DkRevRbt/El/gKXJk4jid+vPFF/AXbxn05Aky8PapwzZrdJShv5C0avjw=="],

    "lodash": ["lodash@4.17.21", "", {}, "sha512-v2kDEe57lecTulaDIuNTPy3Ry4gLGJ6Z1O3vE1krgXZNrsQ+LFTGHVxVjcXPs17LhbZVGedAJv8XZ1tvj5FvSg=="],

    "lodash-es": ["lodash-es@4.17.22", "", {}, "sha512-XEawp1t0gxSi9x01glktRZ5HDy0HXqrM0x5pXQM98EaI0NxO6jVM7omDOxsuEo5UIASAnm2bRp1Jt/e0a2XU8Q=="],

    "magic-string": ["magic-string@0.30.21", "", { "dependencies": { "@jridgewell/sourcemap-codec": "^1.5.5" } }, "sha512-vd2F4YUyEXKGcLHoq+TEyCjxueSeHnFxyyjNp80yg0XV4vUhnDer/lvvlqM/arB5bXQN5K2/3oinyCRyx8T2CQ=="],

    "merge2": ["merge2@1.4.1", "", {}, "sha512-8q7VEgMJW4J8tcfVPy8g09NcQwZdbwFEqhe/WZkoIzjn/3TGDwtOCYtXGxA3O8tPzpczCCDgv+P2P5y00ZJOOg=="],

    "micromatch": ["micromatch@4.0.8", "", { "dependencies": { "braces": "^3.0.3", "picomatch": "^2.3.1" } }, "sha512-PXwfBhYu0hBCPw8Dn0E+WDYb7af3dSLVWKi3HGv84IdF4TyFoC0ysxFd0Goxw7nSv4T/PzEJQxsYsEiFCKo2BA=="],

    "minimatch": ["minimatch@10.1.1", "", { "dependencies": { "@isaacs/brace-expansion": "^5.0.0" } }, "sha512-enIvLvRAFZYXJzkCYG5RKmPfrFArdLv+R+lbQ53BmIMLIry74bjKzX6iHAm8WYamJkhSSEabrWN5D97XnKObjQ=="],

    "nanoid": ["nanoid@3.3.11", "", { "bin": { "nanoid": "bin/nanoid.cjs" } }, "sha512-N8SpfPUnUp1bK+PMYW8qSWdl9U+wwNWI4QKxOYDy9JAro3WMX7p2OeVRF9v+347pnakNevPmiHhNmZ2HbFA76w=="],

    "obug": ["obug@2.1.1", "", {}, "sha512-uTqF9MuPraAQ+IsnPf366RG4cP9RtUi7MLO1N3KEc+wb0a6yKpeL0lmk2IB1jY5KHPAlTc6T/JRdC/YqxHNwkQ=="],

    "oxc-parser": ["oxc-parser@0.99.0", "", { "dependencies": { "@oxc-project/types": "^0.99.0" }, "optionalDependencies": { "@oxc-parser/binding-android-arm64": "0.99.0", "@oxc-parser/binding-darwin-arm64": "0.99.0", "@oxc-parser/binding-darwin-x64": "0.99.0", "@oxc-parser/binding-freebsd-x64": "0.99.0", "@oxc-parser/binding-linux-arm-gnueabihf": "0.99.0", "@oxc-parser/binding-linux-arm-musleabihf": "0.99.0", "@oxc-parser/binding-linux-arm64-gnu": "0.99.0", "@oxc-parser/binding-linux-arm64-musl": "0.99.0", "@oxc-parser/binding-linux-riscv64-gnu": "0.99.0", "@oxc-parser/binding-linux-s390x-gnu": "0.99.0", "@oxc-parser/binding-linux-x64-gnu": "0.99.0", "@oxc-parser/binding-linux-x64-musl": "0.99.0", "@oxc-parser/binding-wasm32-wasi": "0.99.0", "@oxc-parser/binding-win32-arm64-msvc": "0.99.0", "@oxc-parser/binding-win32-x64-msvc": "0.99.0" } }, "sha512-MpS1lbd2vR0NZn1v0drpgu7RUFu3x9Rd0kxExObZc2+F+DIrV0BOMval/RO3BYGwssIOerII6iS8EbbpCCZQpQ=="],

    "pathe": ["pathe@2.0.3", "", {}, "sha512-WUjGcAqP1gQacoQe+OBJsFA7Ld4DyXuUIjZ5cc75cLHvJ7dtNsTugphxIADwspS+AraAUePCKrSVtPLFj/F88w=="],

    "picocolors": ["picocolors@1.1.1", "", {}, "sha512-xceH2snhtb5M9liqDsmEw56le376mTZkEX/jEb/RxNFyegNul7eNslCXP9FDj/Lcu0X8KEyMceP2ntpaHrDEVA=="],

    "picomatch": ["picomatch@4.0.3", "", {}, "sha512-5gTmgEY/sqK6gFXLIsQNH19lWb4ebPDLA4SdLP7dsWkIXHWlG66oPuVvXSGFPppYZz8ZDZq0dYYrbHfBCVUb1Q=="],

    "postcss": ["postcss@8.5.6", "", { "dependencies": { "nanoid": "^3.3.11", "picocolors": "^1.1.1", "source-map-js": "^1.2.1" } }, "sha512-3Ybi1tAuwAP9s0r1UQ2J4n5Y0G05bJkpUIO0/bI9MhwmD70S5aTWbXGBwxHrelT+XM1k6dM0pk+SwNkpTRN7Pg=="],

    "prettier": ["prettier@3.8.0", "", { "bin": { "prettier": "bin/prettier.cjs" } }, "sha512-yEPsovQfpxYfgWNhCfECjG5AQaO+K3dp6XERmOepyPDVqcJm+bjyCVO3pmU+nAPe0N5dDvekfGezt/EIiRe1TA=="],

    "queue-microtask": ["queue-microtask@1.2.3", "", {}, "sha512-NuaNSa6flKT5JaSYQzJok04JzTL1CA6aGhv5rfLW3PgqA+M2ChpZQnAC8h8i4ZFkBS8X5RqkDBHA7r4hej3K9A=="],

    "reusify": ["reusify@1.1.0", "", {}, "sha512-g6QUff04oZpHs0eG5p83rFLhHeV00ug/Yf9nZM6fLeUrPguBTkTQOdpAWWspMh55TZfVQDPaN3NQJfbVRAxdIw=="],

    "rolldown": ["rolldown@1.0.0-beta.60", "", { "dependencies": { "@oxc-project/types": "=0.108.0", "@rolldown/pluginutils": "1.0.0-beta.60" }, "optionalDependencies": { "@rolldown/binding-android-arm64": "1.0.0-beta.60", "@rolldown/binding-darwin-arm64": "1.0.0-beta.60", "@rolldown/binding-darwin-x64": "1.0.0-beta.60", "@rolldown/binding-freebsd-x64": "1.0.0-beta.60", "@rolldown/binding-linux-arm-gnueabihf": "1.0.0-beta.60", "@rolldown/binding-linux-arm64-gnu": "1.0.0-beta.60", "@rolldown/binding-linux-arm64-musl": "1.0.0-beta.60", "@rolldown/binding-linux-x64-gnu": "1.0.0-beta.60", "@rolldown/binding-linux-x64-musl": "1.0.0-beta.60", "@rolldown/binding-openharmony-arm64": "1.0.0-beta.60", "@rolldown/binding-wasm32-wasi": "1.0.0-beta.60", "@rolldown/binding-win32-arm64-msvc": "1.0.0-beta.60", "@rolldown/binding-win32-x64-msvc": "1.0.0-beta.60" }, "bin": { "rolldown": "bin/cli.mjs" } }, "sha512-YYgpv7MiTp9LdLj1fzGzCtij8Yi2OKEc3HQtfbIxW4yuSgpQz9518I69U72T5ErPA/ATOXqlcisiLrWy+5V9YA=="],

    "run-parallel": ["run-parallel@1.2.0", "", { "dependencies": { "queue-microtask": "^1.2.2" } }, "sha512-5l4VyZR86LZ/lDxZTR6jqL8AFE2S0IFLMP26AbjsLVADxHdhB/c0GUsH+y39UfCi3dzz8OlQuPmnaJOMoDHQBA=="],

    "rxjs": ["rxjs@7.8.2", "", { "dependencies": { "tslib": "^2.1.0" } }, "sha512-dhKf903U/PQZY6boNNtAGdWbG85WAbjT/1xYoZIC7FAY0yWapOBQVsVrDl58W86//e1VpMNBtRV4MaXfdMySFA=="],

    "siginfo": ["siginfo@2.0.0", "", {}, "sha512-ybx0WO1/8bSBLEWXZvEd7gMW3Sn3JFlW3TvX1nREbDLRNQNaeNN8WK0meBwPdAaOI7TtRRRJn/Es1zhrrCHu7g=="],

    "slash": ["slash@5.1.0", "", {}, "sha512-ZA6oR3T/pEyuqwMgAKT0/hAv8oAXckzbkmR0UkUosQ+Mc4RxGoJkRmwHgHufaenlyAgE1Mxgpdcrf75y6XcnDg=="],

    "source-map-js": ["source-map-js@1.2.1", "", {}, "sha512-UXWMKhLOwVKb728IUtQPXxfYU+usdybtUrK/8uGE8CQMvrhOpwvzDBwj0QhSL7MQc7vIsISBG8VQ8+IDQxpfQA=="],

    "stackback": ["stackback@0.0.2", "", {}, "sha512-1XMJE5fQo1jGH6Y/7ebnwPOBEkIEnT4QF32d5R1+VXdXveM0IBMJt8zfaxX1P3QhVwrYe+576+jkANtSS2mBbw=="],

    "std-env": ["std-env@3.10.0", "", {}, "sha512-5GS12FdOZNliM5mAOxFRg7Ir0pWz8MdpYm6AY6VPkGpbA7ZzmbzNcBJQ0GPvvyWgcY7QAhCgf9Uy89I03faLkg=="],

    "string-width": ["string-width@7.2.0", "", { "dependencies": { "emoji-regex": "^10.3.0", "get-east-asian-width": "^1.0.0", "strip-ansi": "^7.1.0" } }, "sha512-tsaTIkKW9b4N+AEj+SVA+WhJzV7/zMhcSu78mLKWSk7cXMOSHsBKFWUs0fWwq8QyK3MgJBQRX6Gbi4kYbdvGkQ=="],

    "strip-ansi": ["strip-ansi@7.1.2", "", { "dependencies": { "ansi-regex": "^6.0.1" } }, "sha512-gmBGslpoQJtgnMAvOVqGZpEz9dyoKTCzy2nfz/n8aIFhN/jCE/rCmcxabB6jOOHV+0WNnylOxaxBQPSvcWklhA=="],

    "tinybench": ["tinybench@2.9.0", "", {}, "sha512-0+DUvqWMValLmha6lr4kD8iAMK1HzV0/aKnCtWb9v9641TnP/MFb7Pc2bxoxQjTXAErryXVgUOfv2YqNllqGeg=="],

    "tinyexec": ["tinyexec@1.0.2", "", {}, "sha512-W/KYk+NFhkmsYpuHq5JykngiOCnxeVL8v8dFnqxSD8qEEdRfXk1SDM6JzNqcERbcGYj9tMrDQBYV9cjgnunFIg=="],

    "tinyglobby": ["tinyglobby@0.2.15", "", { "dependencies": { "fdir": "^6.5.0", "picomatch": "^4.0.3" } }, "sha512-j2Zq4NyQYG5XMST4cbs02Ak8iJUdxRM0XI5QyxXuZOzKOINmWurp3smXu3y5wDcJrptwpSjgXHzIQxR0omXljQ=="],

    "tinyrainbow": ["tinyrainbow@3.0.3", "", {}, "sha512-PSkbLUoxOFRzJYjjxHJt9xro7D+iilgMX/C9lawzVuYiIdcihh9DXmVibBe8lmcFrRi/VzlPjBxbN7rH24q8/Q=="],

    "to-regex-range": ["to-regex-range@5.0.1", "", { "dependencies": { "is-number": "^7.0.0" } }, "sha512-65P7iz6X5yEr1cwcgvQxbbIw7Uk3gOy5dIdtZ4rDveLqhrdJP+Li/Hx6tyK0NEb+2GCyneCMJiGqrADCSNk8sQ=="],

    "tslib": ["tslib@2.8.1", "", {}, "sha512-oJFu94HQb+KVduSUQL7wnpmqnfmLsOA/nAh6b6EH0wCEoK0/mPeXU6c3wKDV83MkOuHPRHtSXKKU99IBazS/2w=="],

    "turbo": ["turbo@2.7.5", "", { "optionalDependencies": { "turbo-darwin-64": "2.7.5", "turbo-darwin-arm64": "2.7.5", "turbo-linux-64": "2.7.5", "turbo-linux-arm64": "2.7.5", "turbo-windows-64": "2.7.5", "turbo-windows-arm64": "2.7.5" }, "bin": { "turbo": "bin/turbo" } }, "sha512-7Imdmg37joOloTnj+DPrab9hIaQcDdJ5RwSzcauo/wMOSAgO+A/I/8b3hsGGs6PWQz70m/jkPgdqWsfNKtwwDQ=="],

    "turbo-darwin-64": ["turbo-darwin-64@2.7.5", "", { "os": "darwin", "cpu": "x64" }, "sha512-nN3wfLLj4OES/7awYyyM7fkU8U8sAFxsXau2bYJwAWi6T09jd87DgHD8N31zXaJ7LcpyppHWPRI2Ov9MuZEwnQ=="],

    "turbo-darwin-arm64": ["turbo-darwin-arm64@2.7.5", "", { "os": "darwin", "cpu": "arm64" }, "sha512-wCoDHMiTf3FgLAbZHDDx/unNNonSGhsF5AbbYODbxnpYyoKDpEYacUEPjZD895vDhNvYCH0Nnk24YsP4n/cD6g=="],

    "turbo-linux-64": ["turbo-linux-64@2.7.5", "", { "os": "linux", "cpu": "x64" }, "sha512-KKPvhOmJMmzWj/yjeO4LywkQ85vOJyhru7AZk/+c4B6OUh/odQ++SiIJBSbTG2lm1CuV5gV5vXZnf/2AMlu3Zg=="],

    "turbo-linux-arm64": ["turbo-linux-arm64@2.7.5", "", { "os": "linux", "cpu": "arm64" }, "sha512-8PIva4L6BQhiPikUTds9lSFSHXVDAsEvV6QUlgwPsXrtXVQMVi6Sv9p+IxtlWQFvGkdYJUgX9GnK2rC030Xcmw=="],

    "turbo-windows-64": ["turbo-windows-64@2.7.5", "", { "os": "win32", "cpu": "x64" }, "sha512-rupskv/mkIUgQXzX/wUiK00mKMorQcK8yzhGFha/D5lm05FEnLx8dsip6rWzMcVpvh+4GUMA56PgtnOgpel2AA=="],

    "turbo-windows-arm64": ["turbo-windows-arm64@2.7.5", "", { "os": "win32", "cpu": "arm64" }, "sha512-G377Gxn6P42RnCzfMyDvsqQV7j69kVHKlhz9J4RhtJOB5+DyY4yYh/w0oTIxZQ4JRMmhjwLu3w9zncMoQ6nNDw=="],

    "undici-types": ["undici-types@6.21.0", "", {}, "sha512-iwDZqg0QAGrg9Rav5H4n0M64c3mkR59cJ6wQp+7C4nI0gsmExaedaYLNO44eT4AtBBwjbTiGPMlt2Md0T9H9JQ=="],

    "unicorn-magic": ["unicorn-magic@0.4.0", "", {}, "sha512-wH590V9VNgYH9g3lH9wWjTrUoKsjLF6sGLjhR4sH1LWpLmCOH0Zf7PukhDA8BiS7KHe4oPNkcTHqYkj7SOGUOw=="],

    "vite": ["vite@8.0.0-beta.8", "", { "dependencies": { "@oxc-project/runtime": "0.108.0", "fdir": "^6.5.0", "lightningcss": "^1.30.2", "picomatch": "^4.0.3", "postcss": "^8.5.6", "rolldown": "1.0.0-beta.60", "tinyglobby": "^0.2.15" }, "optionalDependencies": { "fsevents": "~2.3.3" }, "peerDependencies": { "@types/node": "^20.19.0 || >=22.12.0", "esbuild": "^0.27.0", "jiti": ">=1.21.0", "less": "^4.0.0", "sass": "^1.70.0", "sass-embedded": "^1.70.0", "stylus": ">=0.54.8", "sugarss": "^5.0.0", "terser": "^5.16.0", "tsx": "^4.8.1", "yaml": "^2.4.2" }, "optionalPeers": ["@types/node", "esbuild", "jiti", "less", "sass", "sass-embedded", "stylus", "sugarss", "terser", "tsx", "yaml"], "bin": { "vite": "bin/vite.js" } }, "sha512-PetN5BNs5dj6NSu1pDrbr0AtbH9KjPhQ/dLePvhLYsYgnZdj6+ihGjtA4DYcR9bASOzOmxN1NqEJEJ4JBUIvpA=="],

    "vitest": ["vitest@4.0.17", "", { "dependencies": { "@vitest/expect": "4.0.17", "@vitest/mocker": "4.0.17", "@vitest/pretty-format": "4.0.17", "@vitest/runner": "4.0.17", "@vitest/snapshot": "4.0.17", "@vitest/spy": "4.0.17", "@vitest/utils": "4.0.17", "es-module-lexer": "^1.7.0", "expect-type": "^1.2.2", "magic-string": "^0.30.21", "obug": "^2.1.1", "pathe": "^2.0.3", "picomatch": "^4.0.3", "std-env": "^3.10.0", "tinybench": "^2.9.0", "tinyexec": "^1.0.2", "tinyglobby": "^0.2.15", "tinyrainbow": "^3.0.3", "vite": "^6.0.0 || ^7.0.0", "why-is-node-running": "^2.3.0" }, "peerDependencies": { "@edge-runtime/vm": "*", "@opentelemetry/api": "^1.9.0", "@types/node": "^20.0.0 || ^22.0.0 || >=24.0.0", "@vitest/browser-playwright": "4.0.17", "@vitest/browser-preview": "4.0.17", "@vitest/browser-webdriverio": "4.0.17", "@vitest/ui": "4.0.17", "happy-dom": "*", "jsdom": "*" }, "optionalPeers": ["@edge-runtime/vm", "@opentelemetry/api", "@types/node", "@vitest/browser-playwright", "@vitest/browser-preview", "@vitest/browser-webdriverio", "@vitest/ui", "happy-dom", "jsdom"], "bin": { "vitest": "vitest.mjs" } }, "sha512-FQMeF0DJdWY0iOnbv466n/0BudNdKj1l5jYgl5JVTwjSsZSlqyXFt/9+1sEyhR6CLowbZpV7O1sCHrzBhucKKg=="],

    "whatwg-mimetype": ["whatwg-mimetype@3.0.0", "", {}, "sha512-nt+N2dzIutVRxARx1nghPKGv1xHikU7HKdfafKkLNLindmPU/ch3U31NOCGGA/dmPcmb1VlofO0vnKAcsm0o/Q=="],

    "why-is-node-running": ["why-is-node-running@2.3.0", "", { "dependencies": { "siginfo": "^2.0.0", "stackback": "0.0.2" }, "bin": { "why-is-node-running": "cli.js" } }, "sha512-hUrmaWBdVDcxvYqnyh09zunKzROWjbZTiNy8dBEjkS7ehEDQibXJ7XvlmtbwuTclUiIyN+CyXQD4Vmko8fNm8w=="],

    "wrap-ansi": ["wrap-ansi@9.0.2", "", { "dependencies": { "ansi-styles": "^6.2.1", "string-width": "^7.0.0", "strip-ansi": "^7.1.0" } }, "sha512-42AtmgqjV+X1VpdOfyTGOYRi0/zsoLqtXQckTmqTeybT+BDIbM/Guxo7x3pE2vtpr1ok6xRqM9OpBe+Jyoqyww=="],

    "ws": ["ws@8.19.0", "", { "peerDependencies": { "bufferutil": "^4.0.1", "utf-8-validate": ">=5.0.2" }, "optionalPeers": ["bufferutil", "utf-8-validate"] }, "sha512-blAT2mjOEIi0ZzruJfIhb3nps74PRWTCz1IjglWEEpQl5XS/UNama6u2/rjFkDDouqr4L67ry+1aGIALViWjDg=="],

    "y18n": ["y18n@5.0.8", "", {}, "sha512-0pfFzegeDWJHJIAmTLRP2DwHjdF5s7jo9tuztdQxAhINCdvS+3nGINqPd00AphqJR/0LhANUS6/+7SCb98YOfA=="],

    "yargs": ["yargs@18.0.0", "", { "dependencies": { "cliui": "^9.0.1", "escalade": "^3.1.1", "get-caller-file": "^2.0.5", "string-width": "^7.2.0", "y18n": "^5.0.5", "yargs-parser": "^22.0.0" } }, "sha512-4UEqdc2RYGHZc7Doyqkrqiln3p9X2DZVxaGbwhn2pi7MrRagKaOcIKe8L3OxYcbhXLgLFUS3zAYuQjKBQgmuNg=="],

    "yargs-parser": ["yargs-parser@22.0.0", "", {}, "sha512-rwu/ClNdSMpkSrUb+d6BRsSkLUq1fmfsY6TOpYzTwvwkg1/NRG85KBy3kq++A8LKQwX6lsu+aWad+2khvuXrqw=="],

    "micromatch/picomatch": ["picomatch@2.3.1", "", {}, "sha512-JU3teHTNjmE2VCGFzuY8EXzCDVwEqB2a8fsIvwaStHhAWJEeVd1o1QD80CU6+ZdEXXSLbSsuLwJjkCBWqRQUVA=="],

    "oxc-parser/@oxc-project/types": ["@oxc-project/types@0.99.0", "", {}, "sha512-LLDEhXB7g1m5J+woRSgfKsFPS3LhR9xRhTeIoEBm5WrkwMxn6eZ0Ld0c0K5eHB57ChZX6I3uSmmLjZ8pcjlRcw=="],
  }
}
